// !$*UTF8*$!
{
	archiveVersion = 1;
	classes = {
	};
	objectVersion = 51;
	objects = {

/* Begin PBXBuildFile section */
		3611079126F3D12200EC9E91 /* DataManager.swift in Sources */ = {isa = PBXBuildFile; fileRef = 3611079026F3D12200EC9E91 /* DataManager.swift */; };
		361967F326F7A17F000F90A2 /* DetailTaskVC.swift in Sources */ = {isa = PBXBuildFile; fileRef = 361967F226F7A17F000F90A2 /* DetailTaskVC.swift */; };
		3639654E26F10D2900F6A86D /* AppDelegate.swift in Sources */ = {isa = PBXBuildFile; fileRef = 3639654D26F10D2900F6A86D /* AppDelegate.swift */; };
		3639655026F10D2900F6A86D /* SceneDelegate.swift in Sources */ = {isa = PBXBuildFile; fileRef = 3639654F26F10D2900F6A86D /* SceneDelegate.swift */; };
		3639655526F10D2900F6A86D /* Main.storyboard in Resources */ = {isa = PBXBuildFile; fileRef = 3639655326F10D2900F6A86D /* Main.storyboard */; };
		3639655726F10D2B00F6A86D /* Assets.xcassets in Resources */ = {isa = PBXBuildFile; fileRef = 3639655626F10D2B00F6A86D /* Assets.xcassets */; };
		3639655A26F10D2B00F6A86D /* LaunchScreen.storyboard in Resources */ = {isa = PBXBuildFile; fileRef = 3639655826F10D2B00F6A86D /* LaunchScreen.storyboard */; };
		3639656226F10FD500F6A86D /* TasksTVC.swift in Sources */ = {isa = PBXBuildFile; fileRef = 3639656126F10FD500F6A86D /* TasksTVC.swift */; };
		3639656426F1103300F6A86D /* TaskListTVC.swift in Sources */ = {isa = PBXBuildFile; fileRef = 3639656326F1103300F6A86D /* TaskListTVC.swift */; };
		3639656926F113F300F6A86D /* AlertController.swift in Sources */ = {isa = PBXBuildFile; fileRef = 3639656826F113F300F6A86D /* AlertController.swift */; };
		3666387C2767C1F20052E71B /* TaskListCell.swift in Sources */ = {isa = PBXBuildFile; fileRef = 3666387B2767C1F20052E71B /* TaskListCell.swift */; };
		369085DA26F1366800ED877E /* TaskList.swift in Sources */ = {isa = PBXBuildFile; fileRef = 369085D926F1366800ED877E /* TaskList.swift */; };
		369085DC26F1397000ED877E /* StorageManager.swift in Sources */ = {isa = PBXBuildFile; fileRef = 369085DB26F1397000ED877E /* StorageManager.swift */; };
		3697932C27062DB200831816 /* HighscoresTVC.swift in Sources */ = {isa = PBXBuildFile; fileRef = 3697932B27062DB200831816 /* HighscoresTVC.swift */; };
		36B89286276B72F800E812E0 /* iconLogo.png in Resources */ = {isa = PBXBuildFile; fileRef = 36B89285276B72F800E812E0 /* iconLogo.png */; };
		36C30B0B2766800100BB0307 /* ExerciseCell.swift in Sources */ = {isa = PBXBuildFile; fileRef = 36C30B0A2766800100BB0307 /* ExerciseCell.swift */; };
		36D979E22703A7970040774E /* BodyMassIndexVC.swift in Sources */ = {isa = PBXBuildFile; fileRef = 36D979E12703A7970040774E /* BodyMassIndexVC.swift */; };
		6F9C5340A586459A4E41C2BC /* Pods_GymAssist.framework in Frameworks */ = {isa = PBXBuildFile; fileRef = DE7AB73D71C644BC84D891DB /* Pods_GymAssist.framework */; };
/* End PBXBuildFile section */

/* Begin PBXFileReference section */
		2B7430C14FE123BD9284F923 /* Pods-GymAssist.release.xcconfig */ = {isa = PBXFileReference; includeInIndex = 1; lastKnownFileType = text.xcconfig; name = "Pods-GymAssist.release.xcconfig"; path = "Target Support Files/Pods-GymAssist/Pods-GymAssist.release.xcconfig"; sourceTree = "<group>"; };
		3611079026F3D12200EC9E91 /* DataManager.swift */ = {isa = PBXFileReference; lastKnownFileType = sourcecode.swift; path = DataManager.swift; sourceTree = "<group>"; };
		361967F226F7A17F000F90A2 /* DetailTaskVC.swift */ = {isa = PBXFileReference; lastKnownFileType = sourcecode.swift; path = DetailTaskVC.swift; sourceTree = "<group>"; };
		3639654A26F10D2900F6A86D /* GymAssist.app */ = {isa = PBXFileReference; explicitFileType = wrapper.application; includeInIndex = 0; path = GymAssist.app; sourceTree = BUILT_PRODUCTS_DIR; };
		3639654D26F10D2900F6A86D /* AppDelegate.swift */ = {isa = PBXFileReference; lastKnownFileType = sourcecode.swift; path = AppDelegate.swift; sourceTree = "<group>"; };
		3639654F26F10D2900F6A86D /* SceneDelegate.swift */ = {isa = PBXFileReference; lastKnownFileType = sourcecode.swift; path = SceneDelegate.swift; sourceTree = "<group>"; };
		3639655426F10D2900F6A86D /* Base */ = {isa = PBXFileReference; lastKnownFileType = file.storyboard; name = Base; path = Base.lproj/Main.storyboard; sourceTree = "<group>"; };
		3639655626F10D2B00F6A86D /* Assets.xcassets */ = {isa = PBXFileReference; lastKnownFileType = folder.assetcatalog; path = Assets.xcassets; sourceTree = "<group>"; };
		3639655926F10D2B00F6A86D /* Base */ = {isa = PBXFileReference; lastKnownFileType = file.storyboard; name = Base; path = Base.lproj/LaunchScreen.storyboard; sourceTree = "<group>"; };
		3639655B26F10D2B00F6A86D /* Info.plist */ = {isa = PBXFileReference; lastKnownFileType = text.plist.xml; path = Info.plist; sourceTree = "<group>"; };
		3639656126F10FD500F6A86D /* TasksTVC.swift */ = {isa = PBXFileReference; lastKnownFileType = sourcecode.swift; path = TasksTVC.swift; sourceTree = "<group>"; };
		3639656326F1103300F6A86D /* TaskListTVC.swift */ = {isa = PBXFileReference; lastKnownFileType = sourcecode.swift; path = TaskListTVC.swift; sourceTree = "<group>"; };
		3639656826F113F300F6A86D /* AlertController.swift */ = {isa = PBXFileReference; lastKnownFileType = sourcecode.swift; path = AlertController.swift; sourceTree = "<group>"; };
		3666387B2767C1F20052E71B /* TaskListCell.swift */ = {isa = PBXFileReference; lastKnownFileType = sourcecode.swift; path = TaskListCell.swift; sourceTree = "<group>"; };
		369085D926F1366800ED877E /* TaskList.swift */ = {isa = PBXFileReference; lastKnownFileType = sourcecode.swift; path = TaskList.swift; sourceTree = "<group>"; };
		369085DB26F1397000ED877E /* StorageManager.swift */ = {isa = PBXFileReference; lastKnownFileType = sourcecode.swift; path = StorageManager.swift; sourceTree = "<group>"; };
		3697932B27062DB200831816 /* HighscoresTVC.swift */ = {isa = PBXFileReference; lastKnownFileType = sourcecode.swift; path = HighscoresTVC.swift; sourceTree = "<group>"; };
		36B89285276B72F800E812E0 /* iconLogo.png */ = {isa = PBXFileReference; lastKnownFileType = image.png; name = iconLogo.png; path = "../../../../GymAssist Materials/iconLogo.png"; sourceTree = "<group>"; };
		36C30B0A2766800100BB0307 /* ExerciseCell.swift */ = {isa = PBXFileReference; lastKnownFileType = sourcecode.swift; path = ExerciseCell.swift; sourceTree = "<group>"; };
		36D979E12703A7970040774E /* BodyMassIndexVC.swift */ = {isa = PBXFileReference; lastKnownFileType = sourcecode.swift; path = BodyMassIndexVC.swift; sourceTree = "<group>"; };
		71EA0E392B812A31DDB6AFD1 /* Pods-GymAssist.debug.xcconfig */ = {isa = PBXFileReference; includeInIndex = 1; lastKnownFileType = text.xcconfig; name = "Pods-GymAssist.debug.xcconfig"; path = "Target Support Files/Pods-GymAssist/Pods-GymAssist.debug.xcconfig"; sourceTree = "<group>"; };
		DE7AB73D71C644BC84D891DB /* Pods_GymAssist.framework */ = {isa = PBXFileReference; explicitFileType = wrapper.framework; includeInIndex = 0; path = Pods_GymAssist.framework; sourceTree = BUILT_PRODUCTS_DIR; };
/* End PBXFileReference section */

/* Begin PBXFrameworksBuildPhase section */
		3639654726F10D2900F6A86D /* Frameworks */ = {
			isa = PBXFrameworksBuildPhase;
			buildActionMask = 2147483647;
			files = (
				6F9C5340A586459A4E41C2BC /* Pods_GymAssist.framework in Frameworks */,
			);
			runOnlyForDeploymentPostprocessing = 0;
		};
/* End PBXFrameworksBuildPhase section */

/* Begin PBXGroup section */
		3639654126F10D2900F6A86D = {
			isa = PBXGroup;
			children = (
				3639654C26F10D2900F6A86D /* GymAssist */,
				3639654B26F10D2900F6A86D /* Products */,
				8130E6CB16FCABA2EC107768 /* Pods */,
				A7888CC4F94DC119CEEA15F9 /* Frameworks */,
			);
			sourceTree = "<group>";
		};
		3639654B26F10D2900F6A86D /* Products */ = {
			isa = PBXGroup;
			children = (
				3639654A26F10D2900F6A86D /* GymAssist.app */,
			);
			name = Products;
			sourceTree = "<group>";
		};
		3639654C26F10D2900F6A86D /* GymAssist */ = {
			isa = PBXGroup;
			children = (
				3639656626F1109F00F6A86D /* Model */,
				3639656526F1107700F6A86D /* ViewControllers */,
				36736915276B6378002BD327 /* Views */,
				3639656726F110E400F6A86D /* Services */,
				366992D82717253500071B16 /* Stroryboards */,
				366992D9271725BC00071B16 /* Resourses */,
				366992DB2717260C00071B16 /* Support */,
			);
			path = GymAssist;
			sourceTree = "<group>";
		};
		3639656526F1107700F6A86D /* ViewControllers */ = {
			isa = PBXGroup;
			children = (
				3639656326F1103300F6A86D /* TaskListTVC.swift */,
				3639656126F10FD500F6A86D /* TasksTVC.swift */,
				361967F226F7A17F000F90A2 /* DetailTaskVC.swift */,
				36D979E12703A7970040774E /* BodyMassIndexVC.swift */,
				3697932B27062DB200831816 /* HighscoresTVC.swift */,
				3639656826F113F300F6A86D /* AlertController.swift */,
			);
			path = ViewControllers;
			sourceTree = "<group>";
		};
		3639656626F1109F00F6A86D /* Model */ = {
			isa = PBXGroup;
			children = (
				369085D926F1366800ED877E /* TaskList.swift */,
			);
			path = Model;
			sourceTree = "<group>";
		};
		3639656726F110E400F6A86D /* Services */ = {
			isa = PBXGroup;
			children = (
				369085DB26F1397000ED877E /* StorageManager.swift */,
				3611079026F3D12200EC9E91 /* DataManager.swift */,
			);
			path = Services;
			sourceTree = "<group>";
		};
		366992D82717253500071B16 /* Stroryboards */ = {
			isa = PBXGroup;
			children = (
				3639655326F10D2900F6A86D /* Main.storyboard */,
				3639655826F10D2B00F6A86D /* LaunchScreen.storyboard */,
			);
			path = Stroryboards;
			sourceTree = "<group>";
		};
		366992D9271725BC00071B16 /* Resourses */ = {
			isa = PBXGroup;
			children = (
				3639655626F10D2B00F6A86D /* Assets.xcassets */,
			);
			path = Resourses;
			sourceTree = "<group>";
		};
		366992DB2717260C00071B16 /* Support */ = {
			isa = PBXGroup;
			children = (
				3639654D26F10D2900F6A86D /* AppDelegate.swift */,
				3639654F26F10D2900F6A86D /* SceneDelegate.swift */,
				3639655B26F10D2B00F6A86D /* Info.plist */,
				36B89285276B72F800E812E0 /* iconLogo.png */,
			);
			path = Support;
			sourceTree = "<group>";
		};
		36736915276B6378002BD327 /* Views */ = {
			isa = PBXGroup;
			children = (
				3666387B2767C1F20052E71B /* TaskListCell.swift */,
				36C30B0A2766800100BB0307 /* ExerciseCell.swift */,
			);
			path = Views;
			sourceTree = "<group>";
		};
		8130E6CB16FCABA2EC107768 /* Pods */ = {
			isa = PBXGroup;
			children = (
				71EA0E392B812A31DDB6AFD1 /* Pods-GymAssist.debug.xcconfig */,
				2B7430C14FE123BD9284F923 /* Pods-GymAssist.release.xcconfig */,
			);
			path = Pods;
			sourceTree = "<group>";
		};
		A7888CC4F94DC119CEEA15F9 /* Frameworks */ = {
			isa = PBXGroup;
			children = (
				DE7AB73D71C644BC84D891DB /* Pods_GymAssist.framework */,
			);
			name = Frameworks;
			sourceTree = "<group>";
		};
/* End PBXGroup section */

/* Begin PBXNativeTarget section */
		3639654926F10D2900F6A86D /* GymAssist */ = {
			isa = PBXNativeTarget;
			buildConfigurationList = 3639655E26F10D2B00F6A86D /* Build configuration list for PBXNativeTarget "GymAssist" */;
			buildPhases = (
				F5373946ABAA477219F81EA5 /* [CP] Check Pods Manifest.lock */,
				3639654626F10D2900F6A86D /* Sources */,
				3639654726F10D2900F6A86D /* Frameworks */,
				3639654826F10D2900F6A86D /* Resources */,
				CE5802554C9A5AC88673C184 /* [CP] Embed Pods Frameworks */,
			);
			buildRules = (
			);
			dependencies = (
			);
			name = GymAssist;
			productName = GymAssist;
			productReference = 3639654A26F10D2900F6A86D /* GymAssist.app */;
			productType = "com.apple.product-type.application";
		};
/* End PBXNativeTarget section */

/* Begin PBXProject section */
		3639654226F10D2900F6A86D /* Project object */ = {
			isa = PBXProject;
			attributes = {
				LastSwiftUpdateCheck = 1250;
				LastUpgradeCheck = 1250;
				TargetAttributes = {
					3639654926F10D2900F6A86D = {
						CreatedOnToolsVersion = 12.5.1;
					};
				};
			};
			buildConfigurationList = 3639654526F10D2900F6A86D /* Build configuration list for PBXProject "GymAssist" */;
			compatibilityVersion = "Xcode 9.3";
			developmentRegion = en;
			hasScannedForEncodings = 0;
			knownRegions = (
				en,
				Base,
			);
			mainGroup = 3639654126F10D2900F6A86D;
			productRefGroup = 3639654B26F10D2900F6A86D /* Products */;
			projectDirPath = "";
			projectRoot = "";
			targets = (
				3639654926F10D2900F6A86D /* GymAssist */,
			);
		};
/* End PBXProject section */

/* Begin PBXResourcesBuildPhase section */
		3639654826F10D2900F6A86D /* Resources */ = {
			isa = PBXResourcesBuildPhase;
			buildActionMask = 2147483647;
			files = (
				3639655A26F10D2B00F6A86D /* LaunchScreen.storyboard in Resources */,
				36B89286276B72F800E812E0 /* iconLogo.png in Resources */,
				3639655726F10D2B00F6A86D /* Assets.xcassets in Resources */,
				3639655526F10D2900F6A86D /* Main.storyboard in Resources */,
			);
			runOnlyForDeploymentPostprocessing = 0;
		};
/* End PBXResourcesBuildPhase section */

/* Begin PBXShellScriptBuildPhase section */
		CE5802554C9A5AC88673C184 /* [CP] Embed Pods Frameworks */ = {
			isa = PBXShellScriptBuildPhase;
			buildActionMask = 2147483647;
			files = (
			);
			inputFileListPaths = (
				"${PODS_ROOT}/Target Support Files/Pods-GymAssist/Pods-GymAssist-frameworks-${CONFIGURATION}-input-files.xcfilelist",
			);
			name = "[CP] Embed Pods Frameworks";
			outputFileListPaths = (
				"${PODS_ROOT}/Target Support Files/Pods-GymAssist/Pods-GymAssist-frameworks-${CONFIGURATION}-output-files.xcfilelist",
			);
			runOnlyForDeploymentPostprocessing = 0;
			shellPath = /bin/sh;
			shellScript = "\"${PODS_ROOT}/Target Support Files/Pods-GymAssist/Pods-GymAssist-frameworks.sh\"\n";
			showEnvVarsInLog = 0;
		};
		F5373946ABAA477219F81EA5 /* [CP] Check Pods Manifest.lock */ = {
			isa = PBXShellScriptBuildPhase;
			buildActionMask = 2147483647;
			files = (
			);
			inputFileListPaths = (
			);
			inputPaths = (
				"${PODS_PODFILE_DIR_PATH}/Podfile.lock",
				"${PODS_ROOT}/Manifest.lock",
			);
			name = "[CP] Check Pods Manifest.lock";
			outputFileListPaths = (
			);
			outputPaths = (
				"$(DERIVED_FILE_DIR)/Pods-GymAssist-checkManifestLockResult.txt",
			);
			runOnlyForDeploymentPostprocessing = 0;
			shellPath = /bin/sh;
			shellScript = "diff \"${PODS_PODFILE_DIR_PATH}/Podfile.lock\" \"${PODS_ROOT}/Manifest.lock\" > /dev/null\nif [ $? != 0 ] ; then\n    # print error to STDERR\n    echo \"error: The sandbox is not in sync with the Podfile.lock. Run 'pod install' or update your CocoaPods installation.\" >&2\n    exit 1\nfi\n# This output is used by Xcode 'outputs' to avoid re-running this script phase.\necho \"SUCCESS\" > \"${SCRIPT_OUTPUT_FILE_0}\"\n";
			showEnvVarsInLog = 0;
		};
/* End PBXShellScriptBuildPhase section */

/* Begin PBXSourcesBuildPhase section */
		3639654626F10D2900F6A86D /* Sources */ = {
			isa = PBXSourcesBuildPhase;
			buildActionMask = 2147483647;
			files = (
				3666387C2767C1F20052E71B /* TaskListCell.swift in Sources */,
				369085DA26F1366800ED877E /* TaskList.swift in Sources */,
				3611079126F3D12200EC9E91 /* DataManager.swift in Sources */,
				3639654E26F10D2900F6A86D /* AppDelegate.swift in Sources */,
				36C30B0B2766800100BB0307 /* ExerciseCell.swift in Sources */,
				3639656926F113F300F6A86D /* AlertController.swift in Sources */,
				361967F326F7A17F000F90A2 /* DetailTaskVC.swift in Sources */,
				369085DC26F1397000ED877E /* StorageManager.swift in Sources */,
				3697932C27062DB200831816 /* HighscoresTVC.swift in Sources */,
				36D979E22703A7970040774E /* BodyMassIndexVC.swift in Sources */,
				3639656426F1103300F6A86D /* TaskListTVC.swift in Sources */,
				3639655026F10D2900F6A86D /* SceneDelegate.swift in Sources */,
				3639656226F10FD500F6A86D /* TasksTVC.swift in Sources */,
			);
			runOnlyForDeploymentPostprocessing = 0;
		};
/* End PBXSourcesBuildPhase section */

/* Begin PBXVariantGroup section */
		3639655326F10D2900F6A86D /* Main.storyboard */ = {
			isa = PBXVariantGroup;
			children = (
				3639655426F10D2900F6A86D /* Base */,
			);
			name = Main.storyboard;
			sourceTree = "<group>";
		};
		3639655826F10D2B00F6A86D /* LaunchScreen.storyboard */ = {
			isa = PBXVariantGroup;
			children = (
				3639655926F10D2B00F6A86D /* Base */,
			);
			name = LaunchScreen.storyboard;
			sourceTree = "<group>";
		};
/* End PBXVariantGroup section */

/* Begin XCBuildConfiguration section */
		3639655C26F10D2B00F6A86D /* Debug */ = {
			isa = XCBuildConfiguration;
			buildSettings = {
				ALWAYS_SEARCH_USER_PATHS = NO;
				CLANG_ANALYZER_NONNULL = YES;
				CLANG_ANALYZER_NUMBER_OBJECT_CONVERSION = YES_AGGRESSIVE;
				CLANG_CXX_LANGUAGE_STANDARD = "gnu++14";
				CLANG_CXX_LIBRARY = "libc++";
				CLANG_ENABLE_MODULES = YES;
				CLANG_ENABLE_OBJC_ARC = YES;
				CLANG_ENABLE_OBJC_WEAK = YES;
				CLANG_WARN_BLOCK_CAPTURE_AUTORELEASING = YES;
				CLANG_WARN_BOOL_CONVERSION = YES;
				CLANG_WARN_COMMA = YES;
				CLANG_WARN_CONSTANT_CONVERSION = YES;
				CLANG_WARN_DEPRECATED_OBJC_IMPLEMENTATIONS = YES;
				CLANG_WARN_DIRECT_OBJC_ISA_USAGE = YES_ERROR;
				CLANG_WARN_DOCUMENTATION_COMMENTS = YES;
				CLANG_WARN_EMPTY_BODY = YES;
				CLANG_WARN_ENUM_CONVERSION = YES;
				CLANG_WARN_INFINITE_RECURSION = YES;
				CLANG_WARN_INT_CONVERSION = YES;
				CLANG_WARN_NON_LITERAL_NULL_CONVERSION = YES;
				CLANG_WARN_OBJC_IMPLICIT_RETAIN_SELF = YES;
				CLANG_WARN_OBJC_LITERAL_CONVERSION = YES;
				CLANG_WARN_OBJC_ROOT_CLASS = YES_ERROR;
				CLANG_WARN_QUOTED_INCLUDE_IN_FRAMEWORK_HEADER = YES;
				CLANG_WARN_RANGE_LOOP_ANALYSIS = YES;
				CLANG_WARN_STRICT_PROTOTYPES = YES;
				CLANG_WARN_SUSPICIOUS_MOVE = YES;
				CLANG_WARN_UNGUARDED_AVAILABILITY = YES_AGGRESSIVE;
				CLANG_WARN_UNREACHABLE_CODE = YES;
				CLANG_WARN__DUPLICATE_METHOD_MATCH = YES;
				COPY_PHASE_STRIP = NO;
				DEBUG_INFORMATION_FORMAT = dwarf;
				ENABLE_STRICT_OBJC_MSGSEND = YES;
				ENABLE_TESTABILITY = YES;
				GCC_C_LANGUAGE_STANDARD = gnu11;
				GCC_DYNAMIC_NO_PIC = NO;
				GCC_NO_COMMON_BLOCKS = YES;
				GCC_OPTIMIZATION_LEVEL = 0;
				GCC_PREPROCESSOR_DEFINITIONS = (
					"DEBUG=1",
					"$(inherited)",
				);
				GCC_WARN_64_TO_32_BIT_CONVERSION = YES;
				GCC_WARN_ABOUT_RETURN_TYPE = YES_ERROR;
				GCC_WARN_UNDECLARED_SELECTOR = YES;
				GCC_WARN_UNINITIALIZED_AUTOS = YES_AGGRESSIVE;
				GCC_WARN_UNUSED_FUNCTION = YES;
				GCC_WARN_UNUSED_VARIABLE = YES;
				IPHONEOS_DEPLOYMENT_TARGET = 15.0;
				MTL_ENABLE_DEBUG_INFO = INCLUDE_SOURCE;
				MTL_FAST_MATH = YES;
				ONLY_ACTIVE_ARCH = YES;
				SDKROOT = iphoneos;
				SWIFT_ACTIVE_COMPILATION_CONDITIONS = DEBUG;
				SWIFT_OPTIMIZATION_LEVEL = "-Onone";
			};
			name = Debug;
		};
		3639655D26F10D2B00F6A86D /* Release */ = {
			isa = XCBuildConfiguration;
			buildSettings = {
				ALWAYS_SEARCH_USER_PATHS = NO;
				CLANG_ANALYZER_NONNULL = YES;
				CLANG_ANALYZER_NUMBER_OBJECT_CONVERSION = YES_AGGRESSIVE;
				CLANG_CXX_LANGUAGE_STANDARD = "gnu++14";
				CLANG_CXX_LIBRARY = "libc++";
				CLANG_ENABLE_MODULES = YES;
				CLANG_ENABLE_OBJC_ARC = YES;
				CLANG_ENABLE_OBJC_WEAK = YES;
				CLANG_WARN_BLOCK_CAPTURE_AUTORELEASING = YES;
				CLANG_WARN_BOOL_CONVERSION = YES;
				CLANG_WARN_COMMA = YES;
				CLANG_WARN_CONSTANT_CONVERSION = YES;
				CLANG_WARN_DEPRECATED_OBJC_IMPLEMENTATIONS = YES;
				CLANG_WARN_DIRECT_OBJC_ISA_USAGE = YES_ERROR;
				CLANG_WARN_DOCUMENTATION_COMMENTS = YES;
				CLANG_WARN_EMPTY_BODY = YES;
				CLANG_WARN_ENUM_CONVERSION = YES;
				CLANG_WARN_INFINITE_RECURSION = YES;
				CLANG_WARN_INT_CONVERSION = YES;
				CLANG_WARN_NON_LITERAL_NULL_CONVERSION = YES;
				CLANG_WARN_OBJC_IMPLICIT_RETAIN_SELF = YES;
				CLANG_WARN_OBJC_LITERAL_CONVERSION = YES;
				CLANG_WARN_OBJC_ROOT_CLASS = YES_ERROR;
				CLANG_WARN_QUOTED_INCLUDE_IN_FRAMEWORK_HEADER = YES;
				CLANG_WARN_RANGE_LOOP_ANALYSIS = YES;
				CLANG_WARN_STRICT_PROTOTYPES = YES;
				CLANG_WARN_SUSPICIOUS_MOVE = YES;
				CLANG_WARN_UNGUARDED_AVAILABILITY = YES_AGGRESSIVE;
				CLANG_WARN_UNREACHABLE_CODE = YES;
				CLANG_WARN__DUPLICATE_METHOD_MATCH = YES;
				COPY_PHASE_STRIP = NO;
				DEBUG_INFORMATION_FORMAT = "dwarf-with-dsym";
				ENABLE_NS_ASSERTIONS = NO;
				ENABLE_STRICT_OBJC_MSGSEND = YES;
				GCC_C_LANGUAGE_STANDARD = gnu11;
				GCC_NO_COMMON_BLOCKS = YES;
				GCC_WARN_64_TO_32_BIT_CONVERSION = YES;
				GCC_WARN_ABOUT_RETURN_TYPE = YES_ERROR;
				GCC_WARN_UNDECLARED_SELECTOR = YES;
				GCC_WARN_UNINITIALIZED_AUTOS = YES_AGGRESSIVE;
				GCC_WARN_UNUSED_FUNCTION = YES;
				GCC_WARN_UNUSED_VARIABLE = YES;
				IPHONEOS_DEPLOYMENT_TARGET = 15.0;
				MTL_ENABLE_DEBUG_INFO = NO;
				MTL_FAST_MATH = YES;
				SDKROOT = iphoneos;
				SWIFT_COMPILATION_MODE = wholemodule;
				SWIFT_OPTIMIZATION_LEVEL = "-O";
				VALIDATE_PRODUCT = YES;
			};
			name = Release;
		};
		3639655F26F10D2B00F6A86D /* Debug */ = {
			isa = XCBuildConfiguration;
			baseConfigurationReference = 71EA0E392B812A31DDB6AFD1 /* Pods-GymAssist.debug.xcconfig */;
			buildSettings = {
				ASSETCATALOG_COMPILER_APPICON_NAME = AppIcon;
				ASSETCATALOG_COMPILER_GLOBAL_ACCENT_COLOR_NAME = AccentColor;
				CODE_SIGN_STYLE = Automatic;
				DEVELOPMENT_TEAM = 5G6Q84AD3R;
				INFOPLIST_FILE = GymAssist/Support/Info.plist;
				IPHONEOS_DEPLOYMENT_TARGET = 15.0;
				LD_RUNPATH_SEARCH_PATHS = (
					"$(inherited)",
					"@executable_path/Frameworks",
				);
				PRODUCT_BUNDLE_IDENTIFIER = "sanshamor-sApp";
				PRODUCT_NAME = "$(TARGET_NAME)";
				SWIFT_VERSION = 5.0;
				TARGETED_DEVICE_FAMILY = 1;
			};
			name = Debug;
		};
		3639656026F10D2B00F6A86D /* Release */ = {
			isa = XCBuildConfiguration;
			baseConfigurationReference = 2B7430C14FE123BD9284F923 /* Pods-GymAssist.release.xcconfig */;
			buildSettings = {
				ASSETCATALOG_COMPILER_APPICON_NAME = AppIcon;
				ASSETCATALOG_COMPILER_GLOBAL_ACCENT_COLOR_NAME = AccentColor;
				CODE_SIGN_STYLE = Automatic;
				DEVELOPMENT_TEAM = 5G6Q84AD3R;
				INFOPLIST_FILE = GymAssist/Support/Info.plist;
				IPHONEOS_DEPLOYMENT_TARGET = 15.0;
				LD_RUNPATH_SEARCH_PATHS = (
					"$(inherited)",
					"@executable_path/Frameworks",
				);
				PRODUCT_BUNDLE_IDENTIFIER = "sanshamor-sApp";
				PRODUCT_NAME = "$(TARGET_NAME)";
				SWIFT_VERSION = 5.0;
				TARGETED_DEVICE_FAMILY = 1;
			};
			name = Release;
		};
/* End XCBuildConfiguration section */

/* Begin XCConfigurationList section */
		3639654526F10D2900F6A86D /* Build configuration list for PBXProject "GymAssist" */ = {
			isa = XCConfigurationList;
			buildConfigurations = (
				3639655C26F10D2B00F6A86D /* Debug */,
				3639655D26F10D2B00F6A86D /* Release */,
			);
			defaultConfigurationIsVisible = 0;
			defaultConfigurationName = Release;
		};
		3639655E26F10D2B00F6A86D /* Build configuration list for PBXNativeTarget "GymAssist" */ = {
			isa = XCConfigurationList;
			buildConfigurations = (
				3639655F26F10D2B00F6A86D /* Debug */,
				3639656026F10D2B00F6A86D /* Release */,
			);
			defaultConfigurationIsVisible = 0;
			defaultConfigurationName = Release;
		};
/* End XCConfigurationList section */
	};
	rootObject = 3639654226F10D2900F6A86D /* Project object */;
}
